{
  "name": "readwords",
  "version": "1.0.0",
  "lockfileVersion": 1,
  "requires": true,
  "dependencies": {
    "censorify_kyubeom": {
      "version": "0.1.1",
      "resolved": "https://registry.npmjs.org/censorify_kyubeom/-/censorify_kyubeom-0.1.1.tgz",
      "integrity": "sha512-vx3+vt0w4ldSnDBYWSLXHZ2rD0bARRp/5W+T94CHz4kV0ghxKP/ZFHC3SH0l7h+r0s46UXnHqbOeD39zRwHKtw=="
    }
  }
}
